
Microsoft Visual Studio Solution File, Format Version 12.00
# Visual Studio Version 16
VisualStudioVersion = 16.0.32802.440
MinimumVisualStudioVersion = 10.0.40219.1
Project("{FAE04EC0-301F-11D3-BF4B-00C04F79EFBC}") = "Multiplicacion", "Multiplicacion\Multiplicacion.csproj", "{BD472E70-0D23-46C6-A27E-8EC92E3FF8FE}"
EndProject
Global
	GlobalSection(SolutionConfigurationPlatforms) = preSolution
		Debug|Any CPU = Debug|Any CPU
		Release|Any CPU = Release|Any CPU
	EndGlobalSection
	GlobalSection(ProjectConfigurationPlatforms) = postSolution
		{BD472E70-0D23-46C6-A27E-8EC92E3FF8FE}.Debug|Any CPU.ActiveCfg = Debug|Any CPU
		{BD472E70-0D23-46C6-A27E-8EC92E3FF8FE}.Debug|Any CPU.Build.0 = Debug|Any CPU
		{BD472E70-0D23-46C6-A27E-8EC92E3FF8FE}.Release|Any CPU.ActiveCfg = Release|Any CPU
		{BD472E70-0D23-46C6-A27E-8EC92E3FF8FE}.Release|Any CPU.Build.0 = Release|Any CPU
	EndGlobalSection
	GlobalSection(SolutionProperties) = preSolution
		HideSolutionNode = FALSE
	EndGlobalSection
	GlobalSection(ExtensibilityGlobals) = postSolution
		SolutionGuid = {BAF73C2B-6FE5-4BFA-929E-79A9100E9433}
	EndGlobalSection
EndGlobal
